<?xml version="1.0" encoding="utf-8"?>
<Project ToolsVersion="4.0" xmlns="http://schemas.microsoft.com/developer/msbuild/2003">
  <ItemGroup>
    <Filter Include="源文件">
      <UniqueIdentifier>{4FC737F1-C7A5-4376-A066-2A32D752A2FF}</UniqueIdentifier>
      <Extensions>cpp;c;cc;cxx;def;odl;idl;hpj;bat;asm;asmx</Extensions>
    </Filter>
    <Filter Include="头文件">
      <UniqueIdentifier>{93995380-89BD-4b04-88EB-625FBE52EBFB}</UniqueIdentifier>
      <Extensions>h;hh;hpp;hxx;hm;inl;inc;xsd</Extensions>
    </Filter>
    <Filter Include="资源文件">
      <UniqueIdentifier>{67DA6AB6-F800-4c08-8B7A-83BB121AAD01}</UniqueIdentifier>
      <Extensions>rc;ico;cur;bmp;dlg;rc2;rct;bin;rgs;gif;jpg;jpeg;jpe;resx;tiff;tif;png;wav;mfcribbon-ms</Extensions>
    </Filter>
  </ItemGroup>
  <ItemGroup>
    <ClInclude Include="sUi\SMessageHandler.h">
      <Filter>头文件</Filter>
    </ClInclude>
    <ClInclude Include="sGraphic\SFont.h">
      <Filter>头文件</Filter>
    </ClInclude>
    <ClInclude Include="sGraphic\SGdiObject.h">
      <Filter>头文件</Filter>
    </ClInclude>
    <ClInclude Include="sGraphic\SBitmap.h">
      <Filter>头文件</Filter>
    </ClInclude>
    <ClInclude Include="sGraphic\SBrush.h">
      <Filter>头文件</Filter>
    </ClInclude>
    <ClInclude Include="sGraphic\SPalette.h">
      <Filter>头文件</Filter>
    </ClInclude>
    <ClInclude Include="sGraphic\SPen.h">
      <Filter>头文件</Filter>
    </ClInclude>
    <ClInclude Include="sUi\SWnd.h">
      <Filter>头文件</Filter>
    </ClInclude>
    <ClInclude Include="sGraphic\SDc.h">
      <Filter>头文件</Filter>
    </ClInclude>
    <ClInclude Include="sGraphic\SRgn.h">
      <Filter>头文件</Filter>
    </ClInclude>
    <ClInclude Include="sGraphic\SBufferDC.h">
      <Filter>头文件</Filter>
    </ClInclude>
    <ClInclude Include="sMedia\SMedia.h">
      <Filter>头文件</Filter>
    </ClInclude>
    <ClInclude Include="sUi\SMessageBox.h">
      <Filter>头文件</Filter>
    </ClInclude>
    <ClInclude Include="sUi\SButton.h">
      <Filter>头文件</Filter>
    </ClInclude>
    <ClInclude Include="sUi\SDialog.h">
      <Filter>头文件</Filter>
    </ClInclude>
    <ClInclude Include="sPattern\SSingleton.h">
      <Filter>头文件</Filter>
    </ClInclude>
    <ClInclude Include="sPattern\SSubject.h">
      <Filter>头文件</Filter>
    </ClInclude>
    <ClInclude Include="sPattern\SObserver.h">
      <Filter>头文件</Filter>
    </ClInclude>
    <ClInclude Include="sParser\extern\jsoncpp\allocator.h">
      <Filter>头文件</Filter>
    </ClInclude>
    <ClInclude Include="sParser\extern\jsoncpp\assertions.h">
      <Filter>头文件</Filter>
    </ClInclude>
    <ClInclude Include="sParser\extern\jsoncpp\autolink.h">
      <Filter>头文件</Filter>
    </ClInclude>
    <ClInclude Include="sParser\extern\jsoncpp\config.h">
      <Filter>头文件</Filter>
    </ClInclude>
    <ClInclude Include="sParser\extern\jsoncpp\features.h">
      <Filter>头文件</Filter>
    </ClInclude>
    <ClInclude Include="sParser\extern\jsoncpp\forwards.h">
      <Filter>头文件</Filter>
    </ClInclude>
    <ClInclude Include="sParser\extern\jsoncpp\json.h">
      <Filter>头文件</Filter>
    </ClInclude>
    <ClInclude Include="sParser\extern\jsoncpp\reader.h">
      <Filter>头文件</Filter>
    </ClInclude>
    <ClInclude Include="sParser\extern\jsoncpp\value.h">
      <Filter>头文件</Filter>
    </ClInclude>
    <ClInclude Include="sParser\extern\jsoncpp\version.h">
      <Filter>头文件</Filter>
    </ClInclude>
    <ClInclude Include="sParser\extern\jsoncpp\writer.h">
      <Filter>头文件</Filter>
    </ClInclude>
    <ClInclude Include="sParser\extern\tinyxml2\tinyxml2.h">
      <Filter>头文件</Filter>
    </ClInclude>
    <ClInclude Include="sParser\SIni.h">
      <Filter>头文件</Filter>
    </ClInclude>
    <ClInclude Include="sParser\SXml.h">
      <Filter>头文件</Filter>
    </ClInclude>
    <ClInclude Include="sParser\SJson.h">
      <Filter>头文件</Filter>
    </ClInclude>
    <ClInclude Include="sParser\SRegistry.h">
      <Filter>头文件</Filter>
    </ClInclude>
    <ClInclude Include="sParser\SText.h">
      <Filter>头文件</Filter>
    </ClInclude>
    <ClInclude Include="sParser\SInf.h">
      <Filter>头文件</Filter>
    </ClInclude>
    <ClInclude Include="sMisc\SFileInfo.hpp">
      <Filter>头文件</Filter>
    </ClInclude>
    <ClInclude Include="sHelper\SFileHelper.hpp">
      <Filter>头文件</Filter>
    </ClInclude>
    <ClInclude Include="sParser\SProfile.h">
      <Filter>头文件</Filter>
    </ClInclude>
    <ClInclude Include="sCore\SRegex.h">
      <Filter>头文件</Filter>
    </ClInclude>
    <ClInclude Include="sCore\SBigInteger.h">
      <Filter>头文件</Filter>
    </ClInclude>
    <ClInclude Include="sCore\SBaseType.h">
      <Filter>头文件</Filter>
    </ClInclude>
    <ClInclude Include="sCore\SNumber.h">
      <Filter>头文件</Filter>
    </ClInclude>
    <ClInclude Include="sCore\SByteArray.h">
      <Filter>头文件</Filter>
    </ClInclude>
    <ClInclude Include="sData\SSqlConnection.h">
      <Filter>头文件</Filter>
    </ClInclude>
    <ClInclude Include="sData\SSqlResultSet.h">
      <Filter>头文件</Filter>
    </ClInclude>
    <ClInclude Include="sData\SSqlException.h">
      <Filter>头文件</Filter>
    </ClInclude>
    <ClInclude Include="sData\SSqlStatement.h">
      <Filter>头文件</Filter>
    </ClInclude>
    <ClInclude Include="sPattern\SAbstractFcatory.h">
      <Filter>头文件</Filter>
    </ClInclude>
    <ClInclude Include="sPattern\SProduct.h">
      <Filter>头文件</Filter>
    </ClInclude>
    <ClInclude Include="sCore\SLong.h">
      <Filter>头文件</Filter>
    </ClInclude>
    <ClInclude Include="sCore\SOptional.hpp">
      <Filter>头文件</Filter>
    </ClInclude>
    <ClInclude Include="sCore\SAny.hpp">
      <Filter>头文件</Filter>
    </ClInclude>
    <ClInclude Include="sCore\SVairant.hpp">
      <Filter>头文件</Filter>
    </ClInclude>
    <ClInclude Include="sHelper\SDllHelper.hpp">
      <Filter>头文件</Filter>
    </ClInclude>
    <ClInclude Include="sData\SSql.h">
      <Filter>头文件</Filter>
    </ClInclude>
    <ClInclude Include="sData\extern\SMySql.hpp">
      <Filter>头文件</Filter>
    </ClInclude>
    <ClInclude Include="sData\extern\SSqlite.hpp">
      <Filter>头文件</Filter>
    </ClInclude>
    <ClInclude Include="sData\SSqlDriverManager.h">
      <Filter>头文件</Filter>
    </ClInclude>
    <ClInclude Include="sData\SSqlResultSetImpl.h">
      <Filter>头文件</Filter>
    </ClInclude>
    <ClInclude Include="sData\SSqlStatementImpl.h">
      <Filter>头文件</Filter>
    </ClInclude>
    <ClInclude Include="sData\SSqlConnectionImpl.h">
      <Filter>头文件</Filter>
    </ClInclude>
    <ClInclude Include="sCore\SStringBuilder.h">
      <Filter>头文件</Filter>
    </ClInclude>
    <ClInclude Include="sCore\SStringRef.h">
      <Filter>头文件</Filter>
    </ClInclude>
    <ClInclude Include="sCore\SDuration.h">
      <Filter>头文件</Filter>
    </ClInclude>
    <ClInclude Include="sCore\STime.h">
      <Filter>头文件</Filter>
    </ClInclude>
    <ClInclude Include="sCore\SDate.h">
      <Filter>头文件</Filter>
    </ClInclude>
    <ClInclude Include="sMisc\SCalendarInfo.hpp">
      <Filter>头文件</Filter>
    </ClInclude>
    <ClInclude Include="sHelper\SCodeHelper.hpp">
      <Filter>头文件</Filter>
    </ClInclude>
    <ClInclude Include="sUi\SWindowInputEvent.h">
      <Filter>头文件</Filter>
    </ClInclude>
    <ClInclude Include="sUi\SWindowActivityEvent.h">
      <Filter>头文件</Filter>
    </ClInclude>
    <ClInclude Include="sCore\STimer.h">
      <Filter>头文件</Filter>
    </ClInclude>
    <ClInclude Include="sCore\SThread.h">
      <Filter>头文件</Filter>
    </ClInclude>
    <ClInclude Include="sCore\SStringList.h">
      <Filter>头文件</Filter>
    </ClInclude>
    <ClInclude Include="sCore\SString.h">
      <Filter>头文件</Filter>
    </ClInclude>
    <ClInclude Include="sCore\SRunnable.h">
      <Filter>头文件</Filter>
    </ClInclude>
    <ClInclude Include="sCore\SObject.h">
      <Filter>头文件</Filter>
    </ClInclude>
    <ClInclude Include="sCore\SMediaClock.h">
      <Filter>头文件</Filter>
    </ClInclude>
    <ClInclude Include="sCore\SInteger.h">
      <Filter>头文件</Filter>
    </ClInclude>
    <ClInclude Include="sCore\SFrequencyClock.h">
      <Filter>头文件</Filter>
    </ClInclude>
    <ClInclude Include="sCore\SFloat.h">
      <Filter>头文件</Filter>
    </ClInclude>
    <ClInclude Include="sCore\SException.h">
      <Filter>头文件</Filter>
    </ClInclude>
    <ClInclude Include="sCore\SDouble.h">
      <Filter>头文件</Filter>
    </ClInclude>
    <ClInclude Include="sCore\SDelayClock.h">
      <Filter>头文件</Filter>
    </ClInclude>
    <ClInclude Include="sCore\SDebug.h">
      <Filter>头文件</Filter>
    </ClInclude>
    <ClInclude Include="sCore\SCharacter.h">
      <Filter>头文件</Filter>
    </ClInclude>
    <ClInclude Include="sCore\SBoolean.h">
      <Filter>头文件</Filter>
    </ClInclude>
    <ClInclude Include="sCore\SAsyncTask.h">
      <Filter>头文件</Filter>
    </ClInclude>
    <ClInclude Include="sCore\SAbstractClock.h">
      <Filter>头文件</Filter>
    </ClInclude>
    <ClInclude Include="sGraphic\SColor.hpp">
      <Filter>头文件</Filter>
    </ClInclude>
    <ClInclude Include="sUi\SWindow.h">
      <Filter>头文件</Filter>
    </ClInclude>
    <ClInclude Include="sUi\SWidget.h">
      <Filter>头文件</Filter>
    </ClInclude>
    <ClInclude Include="sUi\SLabel.h">
      <Filter>头文件</Filter>
    </ClInclude>
    <ClInclude Include="sUi\SApplication.h">
      <Filter>头文件</Filter>
    </ClInclude>
    <ClInclude Include="sUi\SControl.h">
      <Filter>头文件</Filter>
    </ClInclude>
    <ClInclude Include="sUi\SEditText.h">
      <Filter>头文件</Filter>
    </ClInclude>
    <ClInclude Include="sHelper\SMathHelper.hpp">
      <Filter>头文件</Filter>
    </ClInclude>
    <ClInclude Include="sHelper\SStringHelper.hpp">
      <Filter>头文件</Filter>
    </ClInclude>
    <ClInclude Include="sUi\SInstance.h">
      <Filter>头文件</Filter>
    </ClInclude>
    <ClInclude Include="sUi\SMenu.h">
      <Filter>头文件</Filter>
    </ClInclude>
    <ClInclude Include="sUi\SMenuBar.h">
      <Filter>头文件</Filter>
    </ClInclude>
    <ClInclude Include="sUi\SHandle.h">
      <Filter>头文件</Filter>
    </ClInclude>
    <ClInclude Include="sUi\SIcon.h">
      <Filter>头文件</Filter>
    </ClInclude>
    <ClInclude Include="sUi\SCursor.h">
      <Filter>头文件</Filter>
    </ClInclude>
    <ClInclude Include="sParser\extern\jsoncpp\json_tool.h">
      <Filter>头文件</Filter>
    </ClInclude>
    <ClInclude Include="sMath\SPoint2.h">
      <Filter>头文件</Filter>
    </ClInclude>
    <ClInclude Include="sMath\SRect.h">
      <Filter>头文件</Filter>
    </ClInclude>
    <ClInclude Include="sMath\SVector2.h">
      <Filter>头文件</Filter>
    </ClInclude>
    <ClInclude Include="sUi\SRECT.h">
      <Filter>头文件</Filter>
    </ClInclude>
    <ClInclude Include="sUi\SPOINT.h">
      <Filter>头文件</Filter>
    </ClInclude>
    <ClInclude Include="sUi\SSIZE.h">
      <Filter>头文件</Filter>
    </ClInclude>
  </ItemGroup>
  <ItemGroup>
    <ClCompile Include="sUi\SMessageHandler.cpp">
      <Filter>源文件</Filter>
    </ClCompile>
    <ClCompile Include="sGraphic\SFont.cpp">
      <Filter>源文件</Filter>
    </ClCompile>
    <ClCompile Include="sGraphic\SDc.cpp">
      <Filter>源文件</Filter>
    </ClCompile>
    <ClCompile Include="sUi\SWnd.cpp">
      <Filter>源文件</Filter>
    </ClCompile>
    <ClCompile Include="sGraphic\SGdiObject.cpp">
      <Filter>源文件</Filter>
    </ClCompile>
    <ClCompile Include="sGraphic\SBitmap.cpp">
      <Filter>源文件</Filter>
    </ClCompile>
    <ClCompile Include="sGraphic\SPen.cpp">
      <Filter>源文件</Filter>
    </ClCompile>
    <ClCompile Include="sGraphic\SBrush.cpp">
      <Filter>源文件</Filter>
    </ClCompile>
    <ClCompile Include="sGraphic\SPalette.cpp">
      <Filter>源文件</Filter>
    </ClCompile>
    <ClCompile Include="sGraphic\SRgn.cpp">
      <Filter>源文件</Filter>
    </ClCompile>
    <ClCompile Include="sGraphic\SBufferDC.cpp">
      <Filter>源文件</Filter>
    </ClCompile>
    <ClCompile Include="sMedia\SMedia.cpp">
      <Filter>源文件</Filter>
    </ClCompile>
    <ClCompile Include="sUi\SMessageBox.cpp">
      <Filter>源文件</Filter>
    </ClCompile>
    <ClCompile Include="sUi\SButton.cpp">
      <Filter>源文件</Filter>
    </ClCompile>
    <ClCompile Include="sUi\SDialog.cpp">
      <Filter>源文件</Filter>
    </ClCompile>
    <ClCompile Include="sPattern\SSingleton.cpp">
      <Filter>源文件</Filter>
    </ClCompile>
    <ClCompile Include="sPattern\SSubject.cpp">
      <Filter>源文件</Filter>
    </ClCompile>
    <ClCompile Include="sPattern\SObserver.cpp">
      <Filter>源文件</Filter>
    </ClCompile>
    <ClCompile Include="sParser\extern\tinyxml2\tinyxml2.cpp">
      <Filter>源文件</Filter>
    </ClCompile>
    <ClCompile Include="sParser\SText.cpp">
      <Filter>源文件</Filter>
    </ClCompile>
    <ClCompile Include="sParser\SRegistry.cpp">
      <Filter>源文件</Filter>
    </ClCompile>
    <ClCompile Include="sParser\SInf.cpp">
      <Filter>源文件</Filter>
    </ClCompile>
    <ClCompile Include="sParser\SProfile.cpp">
      <Filter>源文件</Filter>
    </ClCompile>
    <ClCompile Include="sCore\SBigInteger.cpp">
      <Filter>源文件</Filter>
    </ClCompile>
    <ClCompile Include="sCore\SFloat.cpp">
      <Filter>源文件</Filter>
    </ClCompile>
    <ClCompile Include="sCore\SInteger.cpp">
      <Filter>源文件</Filter>
    </ClCompile>
    <ClCompile Include="sCore\SDouble.cpp">
      <Filter>源文件</Filter>
    </ClCompile>
    <ClCompile Include="sCore\SBoolean.cpp">
      <Filter>源文件</Filter>
    </ClCompile>
    <ClCompile Include="sCore\SCharacter.cpp">
      <Filter>源文件</Filter>
    </ClCompile>
    <ClCompile Include="sCore\SByteArray.cpp">
      <Filter>源文件</Filter>
    </ClCompile>
    <ClCompile Include="sPattern\SAbstractFcatory.cpp">
      <Filter>源文件</Filter>
    </ClCompile>
    <ClCompile Include="sPattern\SProduct.cpp">
      <Filter>源文件</Filter>
    </ClCompile>
    <ClCompile Include="sCore\SLong.cpp">
      <Filter>源文件</Filter>
    </ClCompile>
    <ClCompile Include="sCore\SNumber.cpp">
      <Filter>源文件</Filter>
    </ClCompile>
    <ClCompile Include="sData\SSqlDriverManager.cpp">
      <Filter>源文件</Filter>
    </ClCompile>
    <ClCompile Include="sData\SSqlConnection.cpp">
      <Filter>源文件</Filter>
    </ClCompile>
    <ClCompile Include="sData\SSqlResultSet.cpp">
      <Filter>源文件</Filter>
    </ClCompile>
    <ClCompile Include="sData\SSqlStatement.cpp">
      <Filter>源文件</Filter>
    </ClCompile>
    <ClCompile Include="test\sData\test1.cpp">
      <Filter>源文件</Filter>
    </ClCompile>
    <ClCompile Include="test\sParser\Sinf_test.cpp">
      <Filter>源文件</Filter>
    </ClCompile>
    <ClCompile Include="test\sUI\Sbuttom_test.cpp">
      <Filter>源文件</Filter>
    </ClCompile>
    <ClCompile Include="sCore\SStringBuilder.cpp">
      <Filter>源文件</Filter>
    </ClCompile>
    <ClCompile Include="sCore\SStringRef.cpp">
      <Filter>源文件</Filter>
    </ClCompile>
    <ClCompile Include="sCore\SDuration.cpp">
      <Filter>源文件</Filter>
    </ClCompile>
    <ClCompile Include="sCore\STime.cpp">
      <Filter>源文件</Filter>
    </ClCompile>
    <ClCompile Include="sCore\SDate.cpp">
      <Filter>源文件</Filter>
    </ClCompile>
    <ClCompile Include="sUi\SWindowInputEvent.cpp">
      <Filter>源文件</Filter>
    </ClCompile>
    <ClCompile Include="sUi\SWindowActivityEvent.cpp">
      <Filter>源文件</Filter>
    </ClCompile>
    <ClCompile Include="sCore\STimer.cpp">
      <Filter>源文件</Filter>
    </ClCompile>
    <ClCompile Include="sCore\SThread.cpp">
      <Filter>源文件</Filter>
    </ClCompile>
    <ClCompile Include="sCore\SStringList.cpp">
      <Filter>源文件</Filter>
    </ClCompile>
    <ClCompile Include="sCore\SRunnable.cpp">
      <Filter>源文件</Filter>
    </ClCompile>
    <ClCompile Include="sCore\SString.cpp">
      <Filter>源文件</Filter>
    </ClCompile>
    <ClCompile Include="sCore\SObject.cpp">
      <Filter>源文件</Filter>
    </ClCompile>
    <ClCompile Include="sCore\SMediaClock.cpp">
      <Filter>源文件</Filter>
    </ClCompile>
    <ClCompile Include="sCore\SFrequencyClock.cpp">
      <Filter>源文件</Filter>
    </ClCompile>
    <ClCompile Include="sCore\SException.cpp">
      <Filter>源文件</Filter>
    </ClCompile>
    <ClCompile Include="sCore\SDelayClock.cpp">
      <Filter>源文件</Filter>
    </ClCompile>
    <ClCompile Include="sCore\SDebug.cpp">
      <Filter>源文件</Filter>
    </ClCompile>
    <ClCompile Include="sCore\SAsyncTask.cpp">
      <Filter>源文件</Filter>
    </ClCompile>
    <ClCompile Include="sUi\SWidget.cpp">
      <Filter>源文件</Filter>
    </ClCompile>
    <ClCompile Include="sUi\SWindow.cpp">
      <Filter>源文件</Filter>
    </ClCompile>
    <ClCompile Include="sUi\SLabel.cpp">
      <Filter>源文件</Filter>
    </ClCompile>
    <ClCompile Include="sUi\SApplication.cpp">
      <Filter>源文件</Filter>
    </ClCompile>
    <ClCompile Include="sUi\SControl.cpp">
      <Filter>源文件</Filter>
    </ClCompile>
    <ClCompile Include="sUi\SEditText.cpp">
      <Filter>源文件</Filter>
    </ClCompile>
    <ClCompile Include="sUi\SInstance.cpp">
      <Filter>源文件</Filter>
    </ClCompile>
    <ClCompile Include="sUi\SMenu.cpp">
      <Filter>源文件</Filter>
    </ClCompile>
    <ClCompile Include="sUi\SMenuBar.cpp">
      <Filter>源文件</Filter>
    </ClCompile>
    <ClCompile Include="sUi\SIcon.cpp">
      <Filter>源文件</Filter>
    </ClCompile>
    <ClCompile Include="sUi\SCursor.cpp">
      <Filter>源文件</Filter>
    </ClCompile>
    <ClCompile Include="sParser\extern\jsoncpp\json_reader.cpp">
      <Filter>源文件</Filter>
    </ClCompile>
    <ClCompile Include="sParser\extern\jsoncpp\json_value.cpp">
      <Filter>源文件</Filter>
    </ClCompile>
    <ClCompile Include="sParser\extern\jsoncpp\json_writer.cpp">
      <Filter>源文件</Filter>
    </ClCompile>
    <ClCompile Include="sParser\SJson.cpp">
      <Filter>源文件</Filter>
    </ClCompile>
    <ClCompile Include="sParser\SIni.cpp">
      <Filter>源文件</Filter>
    </ClCompile>
    <ClCompile Include="sMath\SPoint2.cpp">
      <Filter>源文件</Filter>
    </ClCompile>
    <ClCompile Include="sMath\SRect.cpp">
      <Filter>源文件</Filter>
    </ClCompile>
    <ClCompile Include="sMath\SVector2.cpp">
      <Filter>源文件</Filter>
    </ClCompile>
  </ItemGroup>
</Project>